
Microsoft Visual Studio Solution File, Format Version 12.00
# Visual Studio Version 17
VisualStudioVersion = 17.10.35013.160
MinimumVisualStudioVersion = 10.0.40219.1
Project("{FAE04EC0-301F-11D3-BF4B-00C04F79EFBC}") = "AgentRest", "AgentRest\AgentRest.csproj", "{1964DA11-C8BB-4F5E-B42D-DCDF77399A8A}"
EndProject
Global
	GlobalSection(SolutionConfigurationPlatforms) = preSolution
		Debug|Any CPU = Debug|Any CPU
		Release|Any CPU = Release|Any CPU
	EndGlobalSection
	GlobalSection(ProjectConfigurationPlatforms) = postSolution
		{1964DA11-C8BB-4F5E-B42D-DCDF77399A8A}.Debug|Any CPU.ActiveCfg = Debug|Any CPU
		{1964DA11-C8BB-4F5E-B42D-DCDF77399A8A}.Debug|Any CPU.Build.0 = Debug|Any CPU
		{1964DA11-C8BB-4F5E-B42D-DCDF77399A8A}.Release|Any CPU.ActiveCfg = Release|Any CPU
		{1964DA11-C8BB-4F5E-B42D-DCDF77399A8A}.Release|Any CPU.Build.0 = Release|Any CPU
	EndGlobalSection
	GlobalSection(SolutionProperties) = preSolution
		HideSolutionNode = FALSE
	EndGlobalSection
	GlobalSection(ExtensibilityGlobals) = postSolution
		SolutionGuid = {7E5A3FC7-FB89-449E-A569-5C9A5487D39F}
	EndGlobalSection
EndGlobal
